
Microsoft Visual Studio Solution File, Format Version 12.00
# Visual Studio Version 17
VisualStudioVersion = 17.2.32526.322
MinimumVisualStudioVersion = 10.0.40219.1
Project("{FAE04EC0-301F-11D3-BF4B-00C04F79EFBC}") = "Katalog", "Katalog\Katalog.csproj", "{3BA43B64-2DAC-4262-8182-C3BAF3A72110}"
EndProject
Global
	GlobalSection(SolutionConfigurationPlatforms) = preSolution
		Debug|Any CPU = Debug|Any CPU
		Release|Any CPU = Release|Any CPU
	EndGlobalSection
	GlobalSection(ProjectConfigurationPlatforms) = postSolution
		{3BA43B64-2DAC-4262-8182-C3BAF3A72110}.Debug|Any CPU.ActiveCfg = Debug|Any CPU
		{3BA43B64-2DAC-4262-8182-C3BAF3A72110}.Debug|Any CPU.Build.0 = Debug|Any CPU
		{3BA43B64-2DAC-4262-8182-C3BAF3A72110}.Release|Any CPU.ActiveCfg = Release|Any CPU
		{3BA43B64-2DAC-4262-8182-C3BAF3A72110}.Release|Any CPU.Build.0 = Release|Any CPU
	EndGlobalSection
	GlobalSection(SolutionProperties) = preSolution
		HideSolutionNode = FALSE
	EndGlobalSection
	GlobalSection(ExtensibilityGlobals) = postSolution
		SolutionGuid = {DEA6EE90-9D1B-468E-8099-EA80FF34B6E6}
	EndGlobalSection
EndGlobal
