
Microsoft Visual Studio Solution File, Format Version 12.00
# Visual Studio Version 16
VisualStudioVersion = 16.0.31624.102
MinimumVisualStudioVersion = 10.0.40219.1
Project("{FAE04EC0-301F-11D3-BF4B-00C04F79EFBC}") = "Student", "Student\Student.csproj", "{EC633149-54D7-4D50-B682-2264B2808906}"
EndProject
Global
	GlobalSection(SolutionConfigurationPlatforms) = preSolution
		Debug|Any CPU = Debug|Any CPU
		Release|Any CPU = Release|Any CPU
	EndGlobalSection
	GlobalSection(ProjectConfigurationPlatforms) = postSolution
		{EC633149-54D7-4D50-B682-2264B2808906}.Debug|Any CPU.ActiveCfg = Debug|Any CPU
		{EC633149-54D7-4D50-B682-2264B2808906}.Debug|Any CPU.Build.0 = Debug|Any CPU
		{EC633149-54D7-4D50-B682-2264B2808906}.Release|Any CPU.ActiveCfg = Release|Any CPU
		{EC633149-54D7-4D50-B682-2264B2808906}.Release|Any CPU.Build.0 = Release|Any CPU
	EndGlobalSection
	GlobalSection(SolutionProperties) = preSolution
		HideSolutionNode = FALSE
	EndGlobalSection
	GlobalSection(ExtensibilityGlobals) = postSolution
		SolutionGuid = {896EE892-46E6-4345-BF40-59CB892D17EA}
	EndGlobalSection
EndGlobal
